// !$*UTF8*$!
{
	archiveVersion = 1;
	classes = {
	};
	objectVersion = 46;
	objects = {

/* Begin PBXBuildFile section */
		285FE53DB9D50C815BCD0DFF /* DesktopToastANE_oc.h in Headers */ = {isa = PBXBuildFile; fileRef = 285FEAB02EF710CE1ED2BC9A /* DesktopToastANE_oc.h */; };
		285FEAB0481294474F21BE5D /* DesktopToastANE.m in Sources */ = {isa = PBXBuildFile; fileRef = 285FEA208428C0509C440EE0 /* DesktopToastANE.m */; };
		CE36AF4D1DF47DBD003C224B /* Adobe AIR_64 in Frameworks */ = {isa = PBXBuildFile; fileRef = CE36AF4B1DF47DBD003C224B /* Adobe AIR_64 */; };
		CE36AF4E1DF47DBD003C224B /* Adobe AIR in Frameworks */ = {isa = PBXBuildFile; fileRef = CE36AF4C1DF47DBD003C224B /* Adobe AIR */; };
		CE36AF501DF47E4E003C224B /* Cocoa.framework in Frameworks */ = {isa = PBXBuildFile; fileRef = CE36AF4F1DF47E4E003C224B /* Cocoa.framework */; };
		CE95AE0C1F0EE417002971A5 /* Adobe AIR in Frameworks */ = {isa = PBXBuildFile; fileRef = CE36AF4C1DF47DBD003C224B /* Adobe AIR */; };
		CE95AE0D1F0EE417002971A5 /* Adobe AIR_64 in Frameworks */ = {isa = PBXBuildFile; fileRef = CE36AF4B1DF47DBD003C224B /* Adobe AIR_64 */; };
		CE95AE0E1F0EE417002971A5 /* Cocoa.framework in Frameworks */ = {isa = PBXBuildFile; fileRef = CE36AF4F1DF47E4E003C224B /* Cocoa.framework */; };
		CE95AE2F1F0EE77F002971A5 /* FlashRuntimeExtensions.h in Headers */ = {isa = PBXBuildFile; fileRef = CE95AE1F1F0EE77F002971A5 /* FlashRuntimeExtensions.h */; settings = {ATTRIBUTES = (Public, ); }; };
		CE95AE301F0EE77F002971A5 /* FlashRuntimeExtensions.swift in Sources */ = {isa = PBXBuildFile; fileRef = CE95AE201F0EE77F002971A5 /* FlashRuntimeExtensions.swift */; };
		CE95AE331F0EE77F002971A5 /* FreSwift-Swift.h in Headers */ = {isa = PBXBuildFile; fileRef = CE95AE231F0EE77F002971A5 /* FreSwift-Swift.h */; };
		CE95AE341F0EE77F002971A5 /* FreSwift.h in Headers */ = {isa = PBXBuildFile; fileRef = CE95AE241F0EE77F002971A5 /* FreSwift.h */; settings = {ATTRIBUTES = (Public, ); }; };
		CE95AE351F0EE77F002971A5 /* FreSwift.m in Sources */ = {isa = PBXBuildFile; fileRef = CE95AE251F0EE77F002971A5 /* FreSwift.m */; };
		CE95AE361F0EE77F002971A5 /* FreSwift.swift in Sources */ = {isa = PBXBuildFile; fileRef = CE95AE261F0EE77F002971A5 /* FreSwift.swift */; };
		CE95AE371F0EE77F002971A5 /* FreSwift_oc.h in Headers */ = {isa = PBXBuildFile; fileRef = CE95AE271F0EE77F002971A5 /* FreSwift_oc.h */; };
		CE95AE391F0EE77F002971A5 /* FrePointSwift.swift in Sources */ = {isa = PBXBuildFile; fileRef = CE95AE2A1F0EE77F002971A5 /* FrePointSwift.swift */; };
		CE95AE3A1F0EE77F002971A5 /* FreRectangleSwift.swift in Sources */ = {isa = PBXBuildFile; fileRef = CE95AE2B1F0EE77F002971A5 /* FreRectangleSwift.swift */; };
		CE95AE3E1F0EE886002971A5 /* FreSwift.framework in Frameworks */ = {isa = PBXBuildFile; fileRef = CE95AE1C1F0EE417002971A5 /* FreSwift.framework */; };
		CE95AE421F0EEA4E002971A5 /* DesktopToastANE-Swift.h in Headers */ = {isa = PBXBuildFile; fileRef = CE95AE411F0EEA4E002971A5 /* DesktopToastANE-Swift.h */; };
		CEE7AB121DF4D45D0047E083 /* SwiftController.swift in Sources */ = {isa = PBXBuildFile; fileRef = CEE7AB111DF4D45D0047E083 /* SwiftController.swift */; };
		CEE7AB181DF4EE620047E083 /* DesktopToastANE-Bridging-Header.h in Headers */ = {isa = PBXBuildFile; fileRef = CEE7AB131DF4D63D0047E083 /* DesktopToastANE-Bridging-Header.h */; };
/* End PBXBuildFile section */

/* Begin PBXContainerItemProxy section */
		CE95AE3F1F0EE88D002971A5 /* PBXContainerItemProxy */ = {
			isa = PBXContainerItemProxy;
			containerPortal = CE36AF371DF47B7B003C224B /* Project object */;
			proxyType = 1;
			remoteGlobalIDString = CE95AE021F0EE417002971A5;
			remoteInfo = FreSwift;
		};
/* End PBXContainerItemProxy section */

/* Begin PBXFileReference section */
		285FEA208428C0509C440EE0 /* DesktopToastANE.m */ = {isa = PBXFileReference; fileEncoding = 4; lastKnownFileType = sourcecode.c.objc; path = DesktopToastANE.m; sourceTree = "<group>"; };
		285FEAB02EF710CE1ED2BC9A /* DesktopToastANE_oc.h */ = {isa = PBXFileReference; fileEncoding = 4; lastKnownFileType = sourcecode.c.h; path = DesktopToastANE_oc.h; sourceTree = "<group>"; };
		CE36AF401DF47B7B003C224B /* DesktopToastANE.framework */ = {isa = PBXFileReference; explicitFileType = wrapper.framework; includeInIndex = 0; path = DesktopToastANE.framework; sourceTree = BUILT_PRODUCTS_DIR; };
		CE36AF441DF47B7C003C224B /* Info.plist */ = {isa = PBXFileReference; lastKnownFileType = text.plist.xml; path = Info.plist; sourceTree = "<group>"; };
		CE36AF4B1DF47DBD003C224B /* Adobe AIR_64 */ = {isa = PBXFileReference; lastKnownFileType = "compiled.mach-o.dylib"; name = "Adobe AIR_64"; path = "/Users/User/sdks/AIR/AIRSDK_23/runtimes/air/mac/Adobe AIR.framework/Versions/1.0/Adobe AIR_64"; sourceTree = "<absolute>"; };
		CE36AF4C1DF47DBD003C224B /* Adobe AIR */ = {isa = PBXFileReference; lastKnownFileType = "compiled.mach-o.dylib"; name = "Adobe AIR"; path = "/Users/User/sdks/AIR/AIRSDK_23/runtimes/air/mac/Adobe AIR.framework/Versions/1.0/Adobe AIR"; sourceTree = "<absolute>"; };
		CE36AF4F1DF47E4E003C224B /* Cocoa.framework */ = {isa = PBXFileReference; lastKnownFileType = wrapper.framework; name = Cocoa.framework; path = System/Library/Frameworks/Cocoa.framework; sourceTree = SDKROOT; };
		CE95AE1C1F0EE417002971A5 /* FreSwift.framework */ = {isa = PBXFileReference; explicitFileType = wrapper.framework; includeInIndex = 0; path = FreSwift.framework; sourceTree = BUILT_PRODUCTS_DIR; };
		CE95AE1F1F0EE77F002971A5 /* FlashRuntimeExtensions.h */ = {isa = PBXFileReference; fileEncoding = 4; lastKnownFileType = sourcecode.c.h; path = FlashRuntimeExtensions.h; sourceTree = "<group>"; };
		CE95AE201F0EE77F002971A5 /* FlashRuntimeExtensions.swift */ = {isa = PBXFileReference; fileEncoding = 4; lastKnownFileType = sourcecode.swift; path = FlashRuntimeExtensions.swift; sourceTree = "<group>"; };
		CE95AE231F0EE77F002971A5 /* FreSwift-Swift.h */ = {isa = PBXFileReference; fileEncoding = 4; lastKnownFileType = sourcecode.c.h; path = "FreSwift-Swift.h"; sourceTree = "<group>"; };
		CE95AE241F0EE77F002971A5 /* FreSwift.h */ = {isa = PBXFileReference; fileEncoding = 4; lastKnownFileType = sourcecode.c.h; path = FreSwift.h; sourceTree = "<group>"; };
		CE95AE251F0EE77F002971A5 /* FreSwift.m */ = {isa = PBXFileReference; fileEncoding = 4; lastKnownFileType = sourcecode.c.objc; path = FreSwift.m; sourceTree = "<group>"; };
		CE95AE261F0EE77F002971A5 /* FreSwift.swift */ = {isa = PBXFileReference; fileEncoding = 4; lastKnownFileType = sourcecode.swift; path = FreSwift.swift; sourceTree = "<group>"; };
		CE95AE271F0EE77F002971A5 /* FreSwift_oc.h */ = {isa = PBXFileReference; fileEncoding = 4; lastKnownFileType = sourcecode.c.h; path = FreSwift_oc.h; sourceTree = "<group>"; };
		CE95AE2A1F0EE77F002971A5 /* FrePointSwift.swift */ = {isa = PBXFileReference; fileEncoding = 4; lastKnownFileType = sourcecode.swift; path = FrePointSwift.swift; sourceTree = "<group>"; };
		CE95AE2B1F0EE77F002971A5 /* FreRectangleSwift.swift */ = {isa = PBXFileReference; fileEncoding = 4; lastKnownFileType = sourcecode.swift; path = FreRectangleSwift.swift; sourceTree = "<group>"; };
		CE95AE2C1F0EE77F002971A5 /* Info.plist */ = {isa = PBXFileReference; fileEncoding = 4; lastKnownFileType = text.plist.xml; path = Info.plist; sourceTree = "<group>"; };
		CE95AE411F0EEA4E002971A5 /* DesktopToastANE-Swift.h */ = {isa = PBXFileReference; fileEncoding = 4; lastKnownFileType = sourcecode.c.h; path = "DesktopToastANE-Swift.h"; sourceTree = "<group>"; };
		CEE7AB111DF4D45D0047E083 /* SwiftController.swift */ = {isa = PBXFileReference; fileEncoding = 4; lastKnownFileType = sourcecode.swift; path = SwiftController.swift; sourceTree = "<group>"; };
		CEE7AB131DF4D63D0047E083 /* DesktopToastANE-Bridging-Header.h */ = {isa = PBXFileReference; fileEncoding = 4; lastKnownFileType = sourcecode.c.h; name = "DesktopToastANE-Bridging-Header.h"; path = "DesktopToastANE/DesktopToastANE-Bridging-Header.h"; sourceTree = SOURCE_ROOT; };
/* End PBXFileReference section */

/* Begin PBXFrameworksBuildPhase section */
		CE36AF3C1DF47B7B003C224B /* Frameworks */ = {
			isa = PBXFrameworksBuildPhase;
			buildActionMask = 2147483647;
			files = (
				CE95AE3E1F0EE886002971A5 /* FreSwift.framework in Frameworks */,
				CE36AF4E1DF47DBD003C224B /* Adobe AIR in Frameworks */,
				CE36AF4D1DF47DBD003C224B /* Adobe AIR_64 in Frameworks */,
				CE36AF501DF47E4E003C224B /* Cocoa.framework in Frameworks */,
			);
			runOnlyForDeploymentPostprocessing = 0;
		};
		CE95AE0B1F0EE417002971A5 /* Frameworks */ = {
			isa = PBXFrameworksBuildPhase;
			buildActionMask = 2147483647;
			files = (
				CE95AE0C1F0EE417002971A5 /* Adobe AIR in Frameworks */,
				CE95AE0D1F0EE417002971A5 /* Adobe AIR_64 in Frameworks */,
				CE95AE0E1F0EE417002971A5 /* Cocoa.framework in Frameworks */,
			);
			runOnlyForDeploymentPostprocessing = 0;
		};
/* End PBXFrameworksBuildPhase section */

/* Begin PBXGroup section */
		CE36AF361DF47B7B003C224B = {
			isa = PBXGroup;
			children = (
				CEE7AB1F1DF4F85B0047E083 /* Frameworks */,
				CE95AE1E1F0EE77F002971A5 /* FreSwift */,
				CE36AF421DF47B7B003C224B /* DesktopToastANE */,
				CE36AF411DF47B7B003C224B /* Products */,
			);
			sourceTree = "<group>";
		};
		CE36AF411DF47B7B003C224B /* Products */ = {
			isa = PBXGroup;
			children = (
				CE36AF401DF47B7B003C224B /* DesktopToastANE.framework */,
				CE95AE1C1F0EE417002971A5 /* FreSwift.framework */,
			);
			name = Products;
			sourceTree = "<group>";
		};
		CE36AF421DF47B7B003C224B /* DesktopToastANE */ = {
			isa = PBXGroup;
			children = (
				CEE7AB1E1DF4F8240047E083 /* Headers */,
				CEE7AB1D1DF4F8110047E083 /* Misc */,
				285FEA208428C0509C440EE0 /* DesktopToastANE.m */,
				CEE7AB111DF4D45D0047E083 /* SwiftController.swift */,
			);
			path = DesktopToastANE;
			sourceTree = "<group>";
		};
		CE95AE1E1F0EE77F002971A5 /* FreSwift */ = {
			isa = PBXGroup;
			children = (
				CE95AE251F0EE77F002971A5 /* FreSwift.m */,
				CE95AE271F0EE77F002971A5 /* FreSwift_oc.h */,
				CE95AE261F0EE77F002971A5 /* FreSwift.swift */,
				CE95AE201F0EE77F002971A5 /* FlashRuntimeExtensions.swift */,
				CE95AE1F1F0EE77F002971A5 /* FlashRuntimeExtensions.h */,
				CE95AE291F0EE77F002971A5 /* Geom */,
				CE95AE231F0EE77F002971A5 /* FreSwift-Swift.h */,
				CE95AE2C1F0EE77F002971A5 /* Info.plist */,
				CE95AE241F0EE77F002971A5 /* FreSwift.h */,
			);
			path = FreSwift;
			sourceTree = "<group>";
		};
		CE95AE291F0EE77F002971A5 /* Geom */ = {
			isa = PBXGroup;
			children = (
				CE95AE2A1F0EE77F002971A5 /* FrePointSwift.swift */,
				CE95AE2B1F0EE77F002971A5 /* FreRectangleSwift.swift */,
			);
			path = Geom;
			sourceTree = "<group>";
		};
		CEE7AB1D1DF4F8110047E083 /* Misc */ = {
			isa = PBXGroup;
			children = (
				CE36AF441DF47B7C003C224B /* Info.plist */,
			);
			name = Misc;
			sourceTree = "<group>";
		};
		CEE7AB1E1DF4F8240047E083 /* Headers */ = {
			isa = PBXGroup;
			children = (
				CE95AE411F0EEA4E002971A5 /* DesktopToastANE-Swift.h */,
				285FEAB02EF710CE1ED2BC9A /* DesktopToastANE_oc.h */,
				CEE7AB131DF4D63D0047E083 /* DesktopToastANE-Bridging-Header.h */,
			);
			name = Headers;
			sourceTree = "<group>";
		};
		CEE7AB1F1DF4F85B0047E083 /* Frameworks */ = {
			isa = PBXGroup;
			children = (
				CE36AF4B1DF47DBD003C224B /* Adobe AIR_64 */,
				CE36AF4C1DF47DBD003C224B /* Adobe AIR */,
				CE36AF4F1DF47E4E003C224B /* Cocoa.framework */,
			);
			name = Frameworks;
			sourceTree = "<group>";
		};
/* End PBXGroup section */

/* Begin PBXHeadersBuildPhase section */
		CE36AF3D1DF47B7B003C224B /* Headers */ = {
			isa = PBXHeadersBuildPhase;
			buildActionMask = 2147483647;
			files = (
				285FE53DB9D50C815BCD0DFF /* DesktopToastANE_oc.h in Headers */,
				CE95AE421F0EEA4E002971A5 /* DesktopToastANE-Swift.h in Headers */,
				CEE7AB181DF4EE620047E083 /* DesktopToastANE-Bridging-Header.h in Headers */,
			);
			runOnlyForDeploymentPostprocessing = 0;
		};
		CE95AE0F1F0EE417002971A5 /* Headers */ = {
			isa = PBXHeadersBuildPhase;
			buildActionMask = 2147483647;
			files = (
				CE95AE2F1F0EE77F002971A5 /* FlashRuntimeExtensions.h in Headers */,
				CE95AE341F0EE77F002971A5 /* FreSwift.h in Headers */,
				CE95AE371F0EE77F002971A5 /* FreSwift_oc.h in Headers */,
				CE95AE331F0EE77F002971A5 /* FreSwift-Swift.h in Headers */,
			);
			runOnlyForDeploymentPostprocessing = 0;
		};
/* End PBXHeadersBuildPhase section */

/* Begin PBXNativeTarget section */
		CE36AF3F1DF47B7B003C224B /* DesktopToastANE */ = {
			isa = PBXNativeTarget;
			buildConfigurationList = CE36AF481DF47B7C003C224B /* Build configuration list for PBXNativeTarget "DesktopToastANE" */;
			buildPhases = (
				CE36AF3B1DF47B7B003C224B /* Sources */,
				CE36AF3C1DF47B7B003C224B /* Frameworks */,
				CE36AF3D1DF47B7B003C224B /* Headers */,
				CE36AF3E1DF47B7B003C224B /* Resources */,
				CEE7AB171DF4E5760047E083 /* ShellScript */,
			);
			buildRules = (
			);
			dependencies = (
				CE95AE401F0EE88D002971A5 /* PBXTargetDependency */,
			);
			name = DesktopToastANE;
			productName = SwiftOSXANE;
			productReference = CE36AF401DF47B7B003C224B /* DesktopToastANE.framework */;
			productType = "com.apple.product-type.framework";
		};
		CE95AE021F0EE417002971A5 /* FreSwift */ = {
			isa = PBXNativeTarget;
			buildConfigurationList = CE95AE191F0EE417002971A5 /* Build configuration list for PBXNativeTarget "FreSwift" */;
			buildPhases = (
				CE95AE031F0EE417002971A5 /* Sources */,
				CE95AE0B1F0EE417002971A5 /* Frameworks */,
				CE95AE0F1F0EE417002971A5 /* Headers */,
				CE95AE161F0EE417002971A5 /* Resources */,
				CE95AE181F0EE417002971A5 /* ShellScript */,
			);
			buildRules = (
			);
			dependencies = (
			);
			name = FreSwift;
			productName = SwiftOSXANE;
			productReference = CE95AE1C1F0EE417002971A5 /* FreSwift.framework */;
			productType = "com.apple.product-type.framework";
		};
/* End PBXNativeTarget section */

/* Begin PBXProject section */
		CE36AF371DF47B7B003C224B /* Project object */ = {
			isa = PBXProject;
			attributes = {
				LastUpgradeCheck = 0810;
				ORGANIZATIONNAME = "Tua Rua Ltd";
				TargetAttributes = {
					CE36AF3F1DF47B7B003C224B = {
						CreatedOnToolsVersion = 8.1;
						LastSwiftMigration = 0810;
						ProvisioningStyle = Manual;
					};
				};
			};
			buildConfigurationList = CE36AF3A1DF47B7B003C224B /* Build configuration list for PBXProject "DesktopToastANE" */;
			compatibilityVersion = "Xcode 3.2";
			developmentRegion = English;
			hasScannedForEncodings = 0;
			knownRegions = (
				en,
			);
			mainGroup = CE36AF361DF47B7B003C224B;
			productRefGroup = CE36AF411DF47B7B003C224B /* Products */;
			projectDirPath = "";
			projectRoot = "";
			targets = (
				CE36AF3F1DF47B7B003C224B /* DesktopToastANE */,
				CE95AE021F0EE417002971A5 /* FreSwift */,
			);
		};
/* End PBXProject section */

/* Begin PBXResourcesBuildPhase section */
		CE36AF3E1DF47B7B003C224B /* Resources */ = {
			isa = PBXResourcesBuildPhase;
			buildActionMask = 2147483647;
			files = (
			);
			runOnlyForDeploymentPostprocessing = 0;
		};
		CE95AE161F0EE417002971A5 /* Resources */ = {
			isa = PBXResourcesBuildPhase;
			buildActionMask = 2147483647;
			files = (
			);
			runOnlyForDeploymentPostprocessing = 0;
		};
/* End PBXResourcesBuildPhase section */

/* Begin PBXShellScriptBuildPhase section */
		CE95AE181F0EE417002971A5 /* ShellScript */ = {
			isa = PBXShellScriptBuildPhase;
			buildActionMask = 8;
			files = (
			);
			inputPaths = (
			);
			outputPaths = (
			);
			runOnlyForDeploymentPostprocessing = 1;
			shellPath = /bin/sh;
			shellScript = ../../../native_extension/ane/build_multi.sh;
		};
		CEE7AB171DF4E5760047E083 /* ShellScript */ = {
			isa = PBXShellScriptBuildPhase;
			buildActionMask = 12;
			files = (
			);
			inputPaths = (
			);
			outputPaths = (
			);
			runOnlyForDeploymentPostprocessing = 0;
			shellPath = /bin/sh;
			shellScript = ../../../native_extension/ane/build_multi.sh;
		};
/* End PBXShellScriptBuildPhase section */

/* Begin PBXSourcesBuildPhase section */
		CE36AF3B1DF47B7B003C224B /* Sources */ = {
			isa = PBXSourcesBuildPhase;
			buildActionMask = 2147483647;
			files = (
				285FEAB0481294474F21BE5D /* DesktopToastANE.m in Sources */,
				CEE7AB121DF4D45D0047E083 /* SwiftController.swift in Sources */,
			);
			runOnlyForDeploymentPostprocessing = 0;
		};
		CE95AE031F0EE417002971A5 /* Sources */ = {
			isa = PBXSourcesBuildPhase;
			buildActionMask = 2147483647;
			files = (
				CE95AE301F0EE77F002971A5 /* FlashRuntimeExtensions.swift in Sources */,
				CE95AE391F0EE77F002971A5 /* FrePointSwift.swift in Sources */,
				CE95AE3A1F0EE77F002971A5 /* FreRectangleSwift.swift in Sources */,
				CE95AE351F0EE77F002971A5 /* FreSwift.m in Sources */,
				CE95AE361F0EE77F002971A5 /* FreSwift.swift in Sources */,
			);
			runOnlyForDeploymentPostprocessing = 0;
		};
/* End PBXSourcesBuildPhase section */

/* Begin PBXTargetDependency section */
		CE95AE401F0EE88D002971A5 /* PBXTargetDependency */ = {
			isa = PBXTargetDependency;
			target = CE95AE021F0EE417002971A5 /* FreSwift */;
			targetProxy = CE95AE3F1F0EE88D002971A5 /* PBXContainerItemProxy */;
		};
/* End PBXTargetDependency section */

/* Begin XCBuildConfiguration section */
		CE36AF461DF47B7C003C224B /* Debug */ = {
			isa = XCBuildConfiguration;
			buildSettings = {
				ALWAYS_SEARCH_USER_PATHS = NO;
				CLANG_ANALYZER_NONNULL = YES;
				CLANG_CXX_LANGUAGE_STANDARD = "gnu++0x";
				CLANG_CXX_LIBRARY = "libc++";
				CLANG_ENABLE_MODULES = YES;
				CLANG_ENABLE_OBJC_ARC = YES;
				CLANG_WARN_BOOL_CONVERSION = YES;
				CLANG_WARN_CONSTANT_CONVERSION = YES;
				CLANG_WARN_DIRECT_OBJC_ISA_USAGE = YES_ERROR;
				CLANG_WARN_DOCUMENTATION_COMMENTS = YES;
				CLANG_WARN_EMPTY_BODY = YES;
				CLANG_WARN_ENUM_CONVERSION = YES;
				CLANG_WARN_INFINITE_RECURSION = YES;
				CLANG_WARN_INT_CONVERSION = YES;
				CLANG_WARN_OBJC_ROOT_CLASS = YES_ERROR;
				CLANG_WARN_SUSPICIOUS_MOVES = YES;
				CLANG_WARN_UNREACHABLE_CODE = YES;
				CLANG_WARN__DUPLICATE_METHOD_MATCH = YES;
				CODE_SIGN_IDENTITY = "-";
				COPY_PHASE_STRIP = NO;
				CURRENT_PROJECT_VERSION = 1;
				DEBUG_INFORMATION_FORMAT = dwarf;
				ENABLE_STRICT_OBJC_MSGSEND = YES;
				ENABLE_TESTABILITY = YES;
				GCC_C_LANGUAGE_STANDARD = gnu99;
				GCC_DYNAMIC_NO_PIC = NO;
				GCC_NO_COMMON_BLOCKS = YES;
				GCC_OPTIMIZATION_LEVEL = 0;
				GCC_PREPROCESSOR_DEFINITIONS = (
					"DEBUG=1",
					"$(inherited)",
				);
				GCC_WARN_64_TO_32_BIT_CONVERSION = YES;
				GCC_WARN_ABOUT_RETURN_TYPE = YES_ERROR;
				GCC_WARN_UNDECLARED_SELECTOR = YES;
				GCC_WARN_UNINITIALIZED_AUTOS = YES_AGGRESSIVE;
				GCC_WARN_UNUSED_FUNCTION = YES;
				GCC_WARN_UNUSED_VARIABLE = YES;
				MACOSX_DEPLOYMENT_TARGET = 10.12;
				MTL_ENABLE_DEBUG_INFO = YES;
				NEW_SETTING = "";
				ONLY_ACTIVE_ARCH = YES;
				SDKROOT = macosx;
				SWIFT_INSTALL_OBJC_HEADER = YES;
				SWIFT_OBJC_INTERFACE_HEADER_NAME = "DesktopToastANE-Swift.h";
				VERSIONING_SYSTEM = "apple-generic";
				VERSION_INFO_PREFIX = "";
			};
			name = Debug;
		};
		CE36AF471DF47B7C003C224B /* Release */ = {
			isa = XCBuildConfiguration;
			buildSettings = {
				ALWAYS_SEARCH_USER_PATHS = NO;
				CLANG_ANALYZER_NONNULL = YES;
				CLANG_CXX_LANGUAGE_STANDARD = "gnu++0x";
				CLANG_CXX_LIBRARY = "libc++";
				CLANG_ENABLE_MODULES = YES;
				CLANG_ENABLE_OBJC_ARC = YES;
				CLANG_WARN_BOOL_CONVERSION = YES;
				CLANG_WARN_CONSTANT_CONVERSION = YES;
				CLANG_WARN_DIRECT_OBJC_ISA_USAGE = YES_ERROR;
				CLANG_WARN_DOCUMENTATION_COMMENTS = YES;
				CLANG_WARN_EMPTY_BODY = YES;
				CLANG_WARN_ENUM_CONVERSION = YES;
				CLANG_WARN_INFINITE_RECURSION = YES;
				CLANG_WARN_INT_CONVERSION = YES;
				CLANG_WARN_OBJC_ROOT_CLASS = YES_ERROR;
				CLANG_WARN_SUSPICIOUS_MOVES = YES;
				CLANG_WARN_UNREACHABLE_CODE = YES;
				CLANG_WARN__DUPLICATE_METHOD_MATCH = YES;
				CODE_SIGN_IDENTITY = "-";
				COPY_PHASE_STRIP = NO;
				CURRENT_PROJECT_VERSION = 1;
				DEBUG_INFORMATION_FORMAT = "dwarf-with-dsym";
				ENABLE_NS_ASSERTIONS = NO;
				ENABLE_STRICT_OBJC_MSGSEND = YES;
				GCC_C_LANGUAGE_STANDARD = gnu99;
				GCC_NO_COMMON_BLOCKS = YES;
				GCC_WARN_64_TO_32_BIT_CONVERSION = YES;
				GCC_WARN_ABOUT_RETURN_TYPE = YES_ERROR;
				GCC_WARN_UNDECLARED_SELECTOR = YES;
				GCC_WARN_UNINITIALIZED_AUTOS = YES_AGGRESSIVE;
				GCC_WARN_UNUSED_FUNCTION = YES;
				GCC_WARN_UNUSED_VARIABLE = YES;
				MACOSX_DEPLOYMENT_TARGET = 10.12;
				MTL_ENABLE_DEBUG_INFO = NO;
				NEW_SETTING = "";
				SDKROOT = macosx;
				SWIFT_INSTALL_OBJC_HEADER = YES;
				SWIFT_OBJC_INTERFACE_HEADER_NAME = "DesktopToastANE-Swift.h";
				VERSIONING_SYSTEM = "apple-generic";
				VERSION_INFO_PREFIX = "";
			};
			name = Release;
		};
		CE36AF491DF47B7C003C224B /* Debug */ = {
			isa = XCBuildConfiguration;
			buildSettings = {
				ALWAYS_EMBED_SWIFT_STANDARD_LIBRARIES = NO;
				CLANG_ENABLE_MODULES = YES;
				CODE_SIGN_IDENTITY = "";
				COMBINE_HIDPI_IMAGES = YES;
				DEFINES_MODULE = YES;
				DEVELOPMENT_TEAM = "";
				DYLIB_COMPATIBILITY_VERSION = 1;
				DYLIB_CURRENT_VERSION = 1;
				DYLIB_INSTALL_NAME_BASE = "@rpath";
				FRAMEWORK_SEARCH_PATHS = /Users/User/sdks/AIR/AIRSDK_23/runtimes/air/mac;
				FRAMEWORK_VERSION = A;
				HEADER_SEARCH_PATHS = ../../../includes;
				INFOPLIST_FILE = DesktopToastANE/Info.plist;
				INSTALL_PATH = "$(LOCAL_LIBRARY_DIR)/Frameworks";
				LD_RUNPATH_SEARCH_PATHS = "$(inherited) @executable_path/../Frameworks @loader_path/Frameworks";
				LIBRARY_SEARCH_PATHS = /Users/User/sdks/AIR/AIRSDK_23/runtimes/air/mac;
				OTHER_CFLAGS = "-fvisibility=hidden";
				OTHER_LDFLAGS = (
					"-weak_framework",
					"\"Adobe AIR\"",
					"-w",
				);
				PRODUCT_BUNDLE_IDENTIFIER = com.tuarua.DesktopToastANE;
				PRODUCT_NAME = "$(TARGET_NAME)";
				SKIP_INSTALL = YES;
				SWIFT_OBJC_BRIDGING_HEADER = "DesktopToastANE/DesktopToastANE-Bridging-Header.h";
				SWIFT_OPTIMIZATION_LEVEL = "-Onone";
				SWIFT_VERSION = 3.0;
			};
			name = Debug;
		};
		CE36AF4A1DF47B7C003C224B /* Release */ = {
			isa = XCBuildConfiguration;
			buildSettings = {
				ALWAYS_EMBED_SWIFT_STANDARD_LIBRARIES = NO;
				CLANG_ENABLE_MODULES = YES;
				CODE_SIGN_IDENTITY = "";
				COMBINE_HIDPI_IMAGES = YES;
				DEFINES_MODULE = YES;
				DEVELOPMENT_TEAM = "";
				DYLIB_COMPATIBILITY_VERSION = 1;
				DYLIB_CURRENT_VERSION = 1;
				DYLIB_INSTALL_NAME_BASE = "@rpath";
				FRAMEWORK_SEARCH_PATHS = /Users/User/sdks/AIR/AIRSDK_23/runtimes/air/mac;
				FRAMEWORK_VERSION = A;
				HEADER_SEARCH_PATHS = ../../../includes;
				INFOPLIST_FILE = DesktopToastANE/Info.plist;
				INSTALL_PATH = "$(LOCAL_LIBRARY_DIR)/Frameworks";
				LD_RUNPATH_SEARCH_PATHS = "$(inherited) @executable_path/../Frameworks @loader_path/Frameworks";
				LIBRARY_SEARCH_PATHS = /Users/User/sdks/AIR/AIRSDK_23/runtimes/air/mac;
				OTHER_CFLAGS = "-fvisibility=hidden";
				OTHER_LDFLAGS = (
					"-weak_framework",
					"\"Adobe AIR\"",
					"-w",
				);
				PRODUCT_BUNDLE_IDENTIFIER = com.tuarua.DesktopToastANE;
				PRODUCT_NAME = "$(TARGET_NAME)";
				SKIP_INSTALL = YES;
				SWIFT_OBJC_BRIDGING_HEADER = "DesktopToastANE/DesktopToastANE-Bridging-Header.h";
				SWIFT_VERSION = 3.0;
			};
			name = Release;
		};
		CE95AE1A1F0EE417002971A5 /* Debug */ = {
			isa = XCBuildConfiguration;
			buildSettings = {
				ALWAYS_EMBED_SWIFT_STANDARD_LIBRARIES = YES;
				CLANG_ENABLE_MODULES = YES;
				CODE_SIGN_IDENTITY = "";
				COMBINE_HIDPI_IMAGES = YES;
				DEFINES_MODULE = YES;
				DEVELOPMENT_TEAM = "";
				DYLIB_COMPATIBILITY_VERSION = 1;
				DYLIB_CURRENT_VERSION = 1;
				DYLIB_INSTALL_NAME_BASE = "@rpath";
				FRAMEWORK_SEARCH_PATHS = /Users/User/sdks/AIR/AIRSDK_23/runtimes/air/mac;
				FRAMEWORK_VERSION = A;
				HEADER_SEARCH_PATHS = ../../../includes;
				INFOPLIST_FILE = FreSwift/Info.plist;
				INSTALL_PATH = "$(LOCAL_LIBRARY_DIR)/Frameworks";
				LD_RUNPATH_SEARCH_PATHS = "$(inherited) @executable_path/../Frameworks @loader_path/Frameworks";
				LIBRARY_SEARCH_PATHS = /Users/User/sdks/AIR/AIRSDK_23/runtimes/air/mac;
				OTHER_CFLAGS = "-fvisibility=hidden";
				OTHER_LDFLAGS = (
					"-weak_framework",
					"\"Adobe AIR\"",
					"-w",
				);
				PRODUCT_BUNDLE_IDENTIFIER = com.tuarua.FreSwift;
				PRODUCT_NAME = "$(TARGET_NAME)";
				SKIP_INSTALL = YES;
				SWIFT_OBJC_BRIDGING_HEADER = "";
				SWIFT_OBJC_INTERFACE_HEADER_NAME = "FreSwift-Swift.h";
				SWIFT_OPTIMIZATION_LEVEL = "-Onone";
				SWIFT_VERSION = 3.0;
			};
			name = Debug;
		};
		CE95AE1B1F0EE417002971A5 /* Release */ = {
			isa = XCBuildConfiguration;
			buildSettings = {
				ALWAYS_EMBED_SWIFT_STANDARD_LIBRARIES = YES;
				CLANG_ENABLE_MODULES = YES;
				CODE_SIGN_IDENTITY = "";
				COMBINE_HIDPI_IMAGES = YES;
				DEFINES_MODULE = YES;
				DEVELOPMENT_TEAM = "";
				DYLIB_COMPATIBILITY_VERSION = 1;
				DYLIB_CURRENT_VERSION = 1;
				DYLIB_INSTALL_NAME_BASE = "@rpath";
				FRAMEWORK_SEARCH_PATHS = /Users/User/sdks/AIR/AIRSDK_23/runtimes/air/mac;
				FRAMEWORK_VERSION = A;
				HEADER_SEARCH_PATHS = ../../../includes;
				INFOPLIST_FILE = FreSwift/Info.plist;
				INSTALL_PATH = "$(LOCAL_LIBRARY_DIR)/Frameworks";
				LD_RUNPATH_SEARCH_PATHS = "$(inherited) @executable_path/../Frameworks @loader_path/Frameworks";
				LIBRARY_SEARCH_PATHS = /Users/User/sdks/AIR/AIRSDK_23/runtimes/air/mac;
				OTHER_CFLAGS = "-fvisibility=hidden";
				OTHER_LDFLAGS = (
					"-weak_framework",
					"\"Adobe AIR\"",
					"-w",
				);
				PRODUCT_BUNDLE_IDENTIFIER = com.tuarua.FreSwift;
				PRODUCT_NAME = "$(TARGET_NAME)";
				SKIP_INSTALL = YES;
				SWIFT_OBJC_BRIDGING_HEADER = "";
				SWIFT_OBJC_INTERFACE_HEADER_NAME = "FreSwift-Swift.h";
				SWIFT_VERSION = 3.0;
			};
			name = Release;
		};
/* End XCBuildConfiguration section */

/* Begin XCConfigurationList section */
		CE36AF3A1DF47B7B003C224B /* Build configuration list for PBXProject "DesktopToastANE" */ = {
			isa = XCConfigurationList;
			buildConfigurations = (
				CE36AF461DF47B7C003C224B /* Debug */,
				CE36AF471DF47B7C003C224B /* Release */,
			);
			defaultConfigurationIsVisible = 0;
			defaultConfigurationName = Release;
		};
		CE36AF481DF47B7C003C224B /* Build configuration list for PBXNativeTarget "DesktopToastANE" */ = {
			isa = XCConfigurationList;
			buildConfigurations = (
				CE36AF491DF47B7C003C224B /* Debug */,
				CE36AF4A1DF47B7C003C224B /* Release */,
			);
			defaultConfigurationIsVisible = 0;
			defaultConfigurationName = Release;
		};
		CE95AE191F0EE417002971A5 /* Build configuration list for PBXNativeTarget "FreSwift" */ = {
			isa = XCConfigurationList;
			buildConfigurations = (
				CE95AE1A1F0EE417002971A5 /* Debug */,
				CE95AE1B1F0EE417002971A5 /* Release */,
			);
			defaultConfigurationIsVisible = 0;
			defaultConfigurationName = Release;
		};
/* End XCConfigurationList section */
	};
	rootObject = CE36AF371DF47B7B003C224B /* Project object */;
}
